
Microsoft Visual Studio Solution File, Format Version 12.00
# Visual Studio Version 16
VisualStudioVersion = 16.0.29519.181
MinimumVisualStudioVersion = 10.0.40219.1
Project("{FAE04EC0-301F-11D3-BF4B-00C04F79EFBC}") = "DentalOffice.WebUI", "GuzhikovaAA.DentalOffice.WebUI\DentalOffice.WebUI.csproj", "{71A95874-92CC-4643-9023-A1AD1181DEB0}"
EndProject
Project("{2150E333-8FDC-42A3-9474-1A3956D46DE8}") = "Common", "Common", "{4053AEB8-497D-48B1-A16C-595096812529}"
EndProject
Project("{2150E333-8FDC-42A3-9474-1A3956D46DE8}") = "PL", "PL", "{3F1DA6D5-8CB5-4DE4-8254-F11225F7D09F}"
EndProject
Project("{FAE04EC0-301F-11D3-BF4B-00C04F79EFBC}") = "DentalOffice.Entities", "DentalOffice.Entities\DentalOffice.Entities.csproj", "{944AFAD7-CA0D-4D14-A32F-5D226B3142E5}"
EndProject
Project("{2150E333-8FDC-42A3-9474-1A3956D46DE8}") = "DAL", "DAL", "{7F4755F5-6965-427A-8646-50ABA813D068}"
EndProject
Project("{FAE04EC0-301F-11D3-BF4B-00C04F79EFBC}") = "DentalOffice.DAL.SQL", "DentalOffice.DAL\DentalOffice.DAL.SQL.csproj", "{B67619E9-42B4-4FD8-ACE5-B69635603FCC}"
EndProject
Project("{FAE04EC0-301F-11D3-BF4B-00C04F79EFBC}") = "DentalOffice.DAL.Interfaces", "DentalOffice.DAL.Interfaces\DentalOffice.DAL.Interfaces.csproj", "{A99651FF-8BAC-4571-8B18-29C587749564}"
EndProject
Project("{2150E333-8FDC-42A3-9474-1A3956D46DE8}") = "BLL", "BLL", "{6708D959-2157-47F6-A6BF-C54C2A1E9B22}"
EndProject
Project("{FAE04EC0-301F-11D3-BF4B-00C04F79EFBC}") = "DentalOffice.BLL", "DentalOffice.BLL\DentalOffice.BLL.csproj", "{C9DB7872-6416-4270-A815-80B58C774060}"
EndProject
Project("{FAE04EC0-301F-11D3-BF4B-00C04F79EFBC}") = "DentalOffice.BLL.Interfaces", "DentalOffice.BLL.Interfaces\DentalOffice.BLL.Interfaces.csproj", "{1D85B59D-25D9-4A28-95C6-80B71FFE49B0}"
EndProject
Project("{FAE04EC0-301F-11D3-BF4B-00C04F79EFBC}") = "DentalOffice.Common", "DependencyResolver\DentalOffice.Common.csproj", "{EDD887D7-D018-4C7E-9D42-94DA0CD0052A}"
EndProject
Global
	GlobalSection(SolutionConfigurationPlatforms) = preSolution
		Debug|Any CPU = Debug|Any CPU
		Release|Any CPU = Release|Any CPU
	EndGlobalSection
	GlobalSection(ProjectConfigurationPlatforms) = postSolution
		{71A95874-92CC-4643-9023-A1AD1181DEB0}.Debug|Any CPU.ActiveCfg = Debug|Any CPU
		{71A95874-92CC-4643-9023-A1AD1181DEB0}.Debug|Any CPU.Build.0 = Debug|Any CPU
		{71A95874-92CC-4643-9023-A1AD1181DEB0}.Release|Any CPU.ActiveCfg = Release|Any CPU
		{71A95874-92CC-4643-9023-A1AD1181DEB0}.Release|Any CPU.Build.0 = Release|Any CPU
		{944AFAD7-CA0D-4D14-A32F-5D226B3142E5}.Debug|Any CPU.ActiveCfg = Debug|Any CPU
		{944AFAD7-CA0D-4D14-A32F-5D226B3142E5}.Debug|Any CPU.Build.0 = Debug|Any CPU
		{944AFAD7-CA0D-4D14-A32F-5D226B3142E5}.Release|Any CPU.ActiveCfg = Release|Any CPU
		{944AFAD7-CA0D-4D14-A32F-5D226B3142E5}.Release|Any CPU.Build.0 = Release|Any CPU
		{B67619E9-42B4-4FD8-ACE5-B69635603FCC}.Debug|Any CPU.ActiveCfg = Debug|Any CPU
		{B67619E9-42B4-4FD8-ACE5-B69635603FCC}.Debug|Any CPU.Build.0 = Debug|Any CPU
		{B67619E9-42B4-4FD8-ACE5-B69635603FCC}.Release|Any CPU.ActiveCfg = Release|Any CPU
		{B67619E9-42B4-4FD8-ACE5-B69635603FCC}.Release|Any CPU.Build.0 = Release|Any CPU
		{A99651FF-8BAC-4571-8B18-29C587749564}.Debug|Any CPU.ActiveCfg = Debug|Any CPU
		{A99651FF-8BAC-4571-8B18-29C587749564}.Debug|Any CPU.Build.0 = Debug|Any CPU
		{A99651FF-8BAC-4571-8B18-29C587749564}.Release|Any CPU.ActiveCfg = Release|Any CPU
		{A99651FF-8BAC-4571-8B18-29C587749564}.Release|Any CPU.Build.0 = Release|Any CPU
		{C9DB7872-6416-4270-A815-80B58C774060}.Debug|Any CPU.ActiveCfg = Debug|Any CPU
		{C9DB7872-6416-4270-A815-80B58C774060}.Debug|Any CPU.Build.0 = Debug|Any CPU
		{C9DB7872-6416-4270-A815-80B58C774060}.Release|Any CPU.ActiveCfg = Release|Any CPU
		{C9DB7872-6416-4270-A815-80B58C774060}.Release|Any CPU.Build.0 = Release|Any CPU
		{1D85B59D-25D9-4A28-95C6-80B71FFE49B0}.Debug|Any CPU.ActiveCfg = Debug|Any CPU
		{1D85B59D-25D9-4A28-95C6-80B71FFE49B0}.Debug|Any CPU.Build.0 = Debug|Any CPU
		{1D85B59D-25D9-4A28-95C6-80B71FFE49B0}.Release|Any CPU.ActiveCfg = Release|Any CPU
		{1D85B59D-25D9-4A28-95C6-80B71FFE49B0}.Release|Any CPU.Build.0 = Release|Any CPU
		{EDD887D7-D018-4C7E-9D42-94DA0CD0052A}.Debug|Any CPU.ActiveCfg = Debug|Any CPU
		{EDD887D7-D018-4C7E-9D42-94DA0CD0052A}.Debug|Any CPU.Build.0 = Debug|Any CPU
		{EDD887D7-D018-4C7E-9D42-94DA0CD0052A}.Release|Any CPU.ActiveCfg = Release|Any CPU
		{EDD887D7-D018-4C7E-9D42-94DA0CD0052A}.Release|Any CPU.Build.0 = Release|Any CPU
	EndGlobalSection
	GlobalSection(SolutionProperties) = preSolution
		HideSolutionNode = FALSE
	EndGlobalSection
	GlobalSection(NestedProjects) = preSolution
		{71A95874-92CC-4643-9023-A1AD1181DEB0} = {3F1DA6D5-8CB5-4DE4-8254-F11225F7D09F}
		{944AFAD7-CA0D-4D14-A32F-5D226B3142E5} = {4053AEB8-497D-48B1-A16C-595096812529}
		{B67619E9-42B4-4FD8-ACE5-B69635603FCC} = {7F4755F5-6965-427A-8646-50ABA813D068}
		{A99651FF-8BAC-4571-8B18-29C587749564} = {7F4755F5-6965-427A-8646-50ABA813D068}
		{C9DB7872-6416-4270-A815-80B58C774060} = {6708D959-2157-47F6-A6BF-C54C2A1E9B22}
		{1D85B59D-25D9-4A28-95C6-80B71FFE49B0} = {6708D959-2157-47F6-A6BF-C54C2A1E9B22}
		{EDD887D7-D018-4C7E-9D42-94DA0CD0052A} = {4053AEB8-497D-48B1-A16C-595096812529}
	EndGlobalSection
	GlobalSection(ExtensibilityGlobals) = postSolution
		SolutionGuid = {0236D15B-91B3-4011-979F-05165C17B6CC}
	EndGlobalSection
EndGlobal
